{
    "name": "rundizbones-admin-module",
    "version": "1.0.0",
    "lockfileVersion": 3,
    "requires": true,
    "packages": {
        "": {
            "name": "rundizbones-admin-module",
            "version": "1.0.0",
            "license": "MIT",
            "dependencies": {
                "@fortawesome/fontawesome-free": "^6.0.0",
                "css-element-queries": "^1.2.3",
                "datatables.net-dt": "^2.0.0",
                "datatables.net-plugins": "^2.0.0",
                "datatables.net-responsive-dt": "^3.0.0",
                "handlebars": "^4.7.7",
                "jquery": "^3.6.0",
                "lodash": "^4.17.23",
                "moment": "^2.29.3",
                "moment-timezone": "^0.6.0",
                "rundiz-template-for-admin": "^2.2.2",
                "sanitize.css": "^13.0.0",
                "smartmenus": "^1.1.1",
                "sortablejs": "^1.15.0",
                "sticky-sidebar": "^3.3.1"
            }
        },
        "node_modules/@floating-ui/core": {
            "version": "1.7.4",
            "resolved": "https://registry.npmjs.org/@floating-ui/core/-/core-1.7.4.tgz",
            "integrity": "sha512-C3HlIdsBxszvm5McXlB8PeOEWfBhcGBTZGkGlWc2U0KFY5IwG5OQEuQ8rq52DZmcHDlPLd+YFBK+cZcytwIFWg==",
            "license": "MIT",
            "dependencies": {
                "@floating-ui/utils": "^0.2.10"
            }
        },
        "node_modules/@floating-ui/dom": {
            "version": "1.7.5",
            "resolved": "https://registry.npmjs.org/@floating-ui/dom/-/dom-1.7.5.tgz",
            "integrity": "sha512-N0bD2kIPInNHUHehXhMke1rBGs1dwqvC9O9KYMyyjK7iXt7GAhnro7UlcuYcGdS/yYOlq0MAVgrow8IbWJwyqg==",
            "license": "MIT",
            "dependencies": {
                "@floating-ui/core": "^1.7.4",
                "@floating-ui/utils": "^0.2.10"
            }
        },
        "node_modules/@floating-ui/utils": {
            "version": "0.2.10",
            "resolved": "https://registry.npmjs.org/@floating-ui/utils/-/utils-0.2.10.tgz",
            "integrity": "sha512-aGTxbpbg8/b5JfU1HXSrbH3wXZuLPJcNEcZQFMxLs3oSzgtVu6nFPkbbGGUvBcUjKV2YyB9Wxxabo+HEH9tcRQ==",
            "license": "MIT"
        },
        "node_modules/@fortawesome/fontawesome-free": {
            "version": "6.7.2",
            "resolved": "https://registry.npmjs.org/@fortawesome/fontawesome-free/-/fontawesome-free-6.7.2.tgz",
            "integrity": "sha512-JUOtgFW6k9u4Y+xeIaEiLr3+cjoUPiAuLXoyKOJSia6Duzb7pq+A76P9ZdPDoAoxHdHzq6gE9/jKBGXlZT8FbA==",
            "license": "(CC-BY-4.0 AND OFL-1.1 AND MIT)",
            "engines": {
                "node": ">=6"
            }
        },
        "node_modules/@types/jquery": {
            "version": "3.5.34",
            "resolved": "https://registry.npmjs.org/@types/jquery/-/jquery-3.5.34.tgz",
            "integrity": "sha512-3m3939S3erqmTLJANS/uy0B6V7BorKx7RorcGZVjZ62dF5PAGbKEDZK1CuLtKombJkFA2T1jl8LAIIs7IV6gBQ==",
            "license": "MIT",
            "dependencies": {
                "@types/sizzle": "*"
            }
        },
        "node_modules/@types/sizzle": {
            "version": "2.3.10",
            "resolved": "https://registry.npmjs.org/@types/sizzle/-/sizzle-2.3.10.tgz",
            "integrity": "sha512-TC0dmN0K8YcWEAEfiPi5gJP14eJe30TTGjkvek3iM/1NdHHsdCA/Td6GvNndMOo/iSnIsZ4HuuhrYPDAmbxzww==",
            "license": "MIT"
        },
        "node_modules/css-element-queries": {
            "version": "1.2.3",
            "resolved": "https://registry.npmjs.org/css-element-queries/-/css-element-queries-1.2.3.tgz",
            "integrity": "sha512-QK9uovYmKTsV2GXWQiMOByVNrLn2qz6m3P7vWpOR4IdD6I3iXoDw5qtgJEN3Xq7gIbdHVKvzHjdAtcl+4Arc4Q==",
            "license": "MIT"
        },
        "node_modules/datatables.net": {
            "version": "2.3.7",
            "resolved": "https://registry.npmjs.org/datatables.net/-/datatables.net-2.3.7.tgz",
            "integrity": "sha512-AvsjG/Nkp6OxeyBKYZauemuzQCPogE1kOtKwG4sYjvdqGCSLiGaJagQwXv4YxG+ts5vaJr6qKGG9ec3g6vTo3w==",
            "license": "MIT",
            "dependencies": {
                "jquery": ">=1.7"
            }
        },
        "node_modules/datatables.net-dt": {
            "version": "2.3.7",
            "resolved": "https://registry.npmjs.org/datatables.net-dt/-/datatables.net-dt-2.3.7.tgz",
            "integrity": "sha512-OXXIliY5MXnI+284Gt73F+fEdnW2u5y9jiptlvjDDb3YlyqXU4E/YZUB262a068sM/+qakb6RixN1SWn18uF2g==",
            "license": "MIT",
            "dependencies": {
                "datatables.net": "2.3.7",
                "jquery": ">=1.7"
            }
        },
        "node_modules/datatables.net-plugins": {
            "version": "2.3.6",
            "resolved": "https://registry.npmjs.org/datatables.net-plugins/-/datatables.net-plugins-2.3.6.tgz",
            "integrity": "sha512-x32KOhw1apu8bLD7GP1/SS86waVEv59DxosLHmXbsRdf7GxXvSULHfo73XKp4gQaD8Q3f7ReM+kRM5r6lK3hGg==",
            "license": "MIT",
            "dependencies": {
                "@types/jquery": "^3.5.16",
                "datatables.net": "^2.0.8"
            }
        },
        "node_modules/datatables.net-responsive": {
            "version": "3.0.8",
            "resolved": "https://registry.npmjs.org/datatables.net-responsive/-/datatables.net-responsive-3.0.8.tgz",
            "integrity": "sha512-htslaX9g/9HFrJeyFQKEe/XJWpawPxpvy+M6vc/NkKQIrKhbxSoPc3phPqmlnZth6b9hgawqWDT0e0lwf5p+KA==",
            "license": "MIT",
            "dependencies": {
                "datatables.net": "^2",
                "jquery": ">=1.7"
            }
        },
        "node_modules/datatables.net-responsive-dt": {
            "version": "3.0.8",
            "resolved": "https://registry.npmjs.org/datatables.net-responsive-dt/-/datatables.net-responsive-dt-3.0.8.tgz",
            "integrity": "sha512-Nq5q1UZZJwWjZJf1SedZKmfnOKRrx00TaAsCN7CLx9c6cmouFQ6AqLf7Lcs1eV30oRTt1e2rcQtu3BNjGwjnHw==",
            "license": "MIT",
            "dependencies": {
                "datatables.net-dt": "^2",
                "datatables.net-responsive": "3.0.8",
                "jquery": ">=1.7"
            }
        },
        "node_modules/handlebars": {
            "version": "4.7.8",
            "resolved": "https://registry.npmjs.org/handlebars/-/handlebars-4.7.8.tgz",
            "integrity": "sha512-vafaFqs8MZkRrSX7sFVUdo3ap/eNiLnb4IakshzvP56X5Nr1iGKAIqdX6tMlm6HcNRIkr6AxO5jFEoJzzpT8aQ==",
            "license": "MIT",
            "dependencies": {
                "minimist": "^1.2.5",
                "neo-async": "^2.6.2",
                "source-map": "^0.6.1",
                "wordwrap": "^1.0.0"
            },
            "bin": {
                "handlebars": "bin/handlebars"
            },
            "engines": {
                "node": ">=0.4.7"
            },
            "optionalDependencies": {
                "uglify-js": "^3.1.4"
            }
        },
        "node_modules/jquery": {
            "version": "3.7.1",
            "resolved": "https://registry.npmjs.org/jquery/-/jquery-3.7.1.tgz",
            "integrity": "sha512-m4avr8yL8kmFN8psrbFFFmB/If14iN5o9nw/NgnnM+kybDJpRsAynV2BsfpTYrTRysYUdADVD7CkUUizgkpLfg==",
            "license": "MIT"
        },
        "node_modules/lodash": {
            "version": "4.17.23",
            "resolved": "https://registry.npmjs.org/lodash/-/lodash-4.17.23.tgz",
            "integrity": "sha512-LgVTMpQtIopCi79SJeDiP0TfWi5CNEc/L/aRdTh3yIvmZXTnheWpKjSZhnvMl8iXbC1tFg9gdHHDMLoV7CnG+w==",
            "license": "MIT"
        },
        "node_modules/minimist": {
            "version": "1.2.8",
            "resolved": "https://registry.npmjs.org/minimist/-/minimist-1.2.8.tgz",
            "integrity": "sha512-2yyAR8qBkN3YuheJanUpWC5U3bb5osDywNB8RzDVlDwDHbocAJveqqj1u8+SVD7jkWT4yvsHCpWqqWqAxb0zCA==",
            "license": "MIT",
            "funding": {
                "url": "https://github.com/sponsors/ljharb"
            }
        },
        "node_modules/moment": {
            "version": "2.30.1",
            "resolved": "https://registry.npmjs.org/moment/-/moment-2.30.1.tgz",
            "integrity": "sha512-uEmtNhbDOrWPFS+hdjFCBfy9f2YoyzRpwcl+DqpC6taX21FzsTLQVbMV/W7PzNSX6x/bhC1zA3c2UQ5NzH6how==",
            "license": "MIT",
            "engines": {
                "node": "*"
            }
        },
        "node_modules/moment-timezone": {
            "version": "0.6.0",
            "resolved": "https://registry.npmjs.org/moment-timezone/-/moment-timezone-0.6.0.tgz",
            "integrity": "sha512-ldA5lRNm3iJCWZcBCab4pnNL3HSZYXVb/3TYr75/1WCTWYuTqYUb5f/S384pncYjJ88lbO8Z4uPDvmoluHJc8Q==",
            "license": "MIT",
            "dependencies": {
                "moment": "^2.29.4"
            },
            "engines": {
                "node": "*"
            }
        },
        "node_modules/neo-async": {
            "version": "2.6.2",
            "resolved": "https://registry.npmjs.org/neo-async/-/neo-async-2.6.2.tgz",
            "integrity": "sha512-Yd3UES5mWCSqR+qNT93S3UoYUkqAZ9lLg8a7g9rimsWmYGK8cVToA4/sF3RrshdyV3sAGMXVUmpMYOw+dLpOuw==",
            "license": "MIT"
        },
        "node_modules/rundiz-template-for-admin": {
            "version": "2.4.11",
            "resolved": "https://registry.npmjs.org/rundiz-template-for-admin/-/rundiz-template-for-admin-2.4.11.tgz",
            "integrity": "sha512-+L5F8/chp02WxXGNyH9Pduy1IhyaJr0Gvb56mMPOyNXfRy7atB9CSVdlUImfXUOKtn4+DmiBrJe97QYKXnR6Zg==",
            "license": "MIT",
            "dependencies": {
                "@floating-ui/dom": "^1.7.5",
                "@fortawesome/fontawesome-free": "^6.0.0",
                "sanitize.css": "github:csstools/sanitize.css#main",
                "smartmenus": "^1.1.1",
                "sticky-sidebar": "^3.3.1"
            }
        },
        "node_modules/sanitize.css": {
            "version": "13.0.0",
            "resolved": "git+ssh://git@github.com/csstools/sanitize.css.git#61c85b6961f684d0124093d97475073bb08f557e",
            "license": "CC0-1.0"
        },
        "node_modules/smartmenus": {
            "version": "1.2.1",
            "resolved": "https://registry.npmjs.org/smartmenus/-/smartmenus-1.2.1.tgz",
            "integrity": "sha512-W5UoxfywB2o9fsk6RglDoSIJoCtBPnajJCiip9JBfRX46ZV+LkTtysiChiVJNEm8QZOPb9MPC1wXrrCTzGIaAw==",
            "peerDependencies": {
                "jquery": ">=1.7.0"
            }
        },
        "node_modules/sortablejs": {
            "version": "1.15.7",
            "resolved": "https://registry.npmjs.org/sortablejs/-/sortablejs-1.15.7.tgz",
            "integrity": "sha512-Kk8wLQPlS+yi1ZEf48a4+fzHa4yxjC30M/Sr2AnQu+f/MPwvvX9XjZ6OWejiz8crBsLwSq8GHqaxaET7u6ux0A==",
            "license": "MIT"
        },
        "node_modules/source-map": {
            "version": "0.6.1",
            "resolved": "https://registry.npmjs.org/source-map/-/source-map-0.6.1.tgz",
            "integrity": "sha512-UjgapumWlbMhkBgzT7Ykc5YXUT46F0iKu8SGXq0bcwP5dz/h0Plj6enJqjz1Zbq2l5WaqYnrVbwWOWMyF3F47g==",
            "license": "BSD-3-Clause",
            "engines": {
                "node": ">=0.10.0"
            }
        },
        "node_modules/sticky-sidebar": {
            "version": "3.3.1",
            "resolved": "https://registry.npmjs.org/sticky-sidebar/-/sticky-sidebar-3.3.1.tgz",
            "integrity": "sha512-9ljX5GP9B1sov0kzGmQeQL5CdearSGH5y9cy3wE3wiGiLtgo577EekE8tNgnqr5ys/d++2+MlCCf4ICbNoaJ3A==",
            "license": "The MIT License (MIT)"
        },
        "node_modules/uglify-js": {
            "version": "3.19.3",
            "resolved": "https://registry.npmjs.org/uglify-js/-/uglify-js-3.19.3.tgz",
            "integrity": "sha512-v3Xu+yuwBXisp6QYTcH4UbH+xYJXqnq2m/LtQVWKWzYc1iehYnLixoQDN9FH6/j9/oybfd6W9Ghwkl8+UMKTKQ==",
            "license": "BSD-2-Clause",
            "optional": true,
            "bin": {
                "uglifyjs": "bin/uglifyjs"
            },
            "engines": {
                "node": ">=0.8.0"
            }
        },
        "node_modules/wordwrap": {
            "version": "1.0.0",
            "resolved": "https://registry.npmjs.org/wordwrap/-/wordwrap-1.0.0.tgz",
            "integrity": "sha512-gvVzJFlPycKc5dZN4yPkP8w7Dc37BtP1yczEneOb4uq34pXZcvrtRTmWV8W+Ume+XCxKgbjM+nevkyFPMybd4Q==",
            "license": "MIT"
        }
    }
}
