{
    "name": "rundizbones-admin-module",
    "version": "1.0.0",
    "lockfileVersion": 3,
    "requires": true,
    "packages": {
        "": {
            "name": "rundizbones-admin-module",
            "version": "1.0.0",
            "license": "MIT",
            "dependencies": {
                "@fortawesome/fontawesome-free": "^6.0.0",
                "@popperjs/core": "^2.11.5",
                "css-element-queries": "^1.2.3",
                "datatables.net-dt": "^2.0.0",
                "datatables.net-plugins": "^2.0.0",
                "datatables.net-responsive-dt": "^3.0.0",
                "handlebars": "^4.7.7",
                "jquery": "^3.6.0",
                "lodash": "^4.17.23",
                "moment": "^2.29.3",
                "moment-timezone": "^0.5.34",
                "rundiz-template-for-admin": "^2.2.2",
                "sanitize.css": "^13.0.0",
                "smartmenus": "^1.1.1",
                "sortablejs": "^1.15.0",
                "sticky-sidebar": "^3.3.1",
                "tippy.js": "^6.3.7"
            }
        },
        "node_modules/@fortawesome/fontawesome-free": {
            "version": "6.7.2",
            "resolved": "https://registry.npmjs.org/@fortawesome/fontawesome-free/-/fontawesome-free-6.7.2.tgz",
            "integrity": "sha512-JUOtgFW6k9u4Y+xeIaEiLr3+cjoUPiAuLXoyKOJSia6Duzb7pq+A76P9ZdPDoAoxHdHzq6gE9/jKBGXlZT8FbA==",
            "license": "(CC-BY-4.0 AND OFL-1.1 AND MIT)",
            "engines": {
                "node": ">=6"
            }
        },
        "node_modules/@popperjs/core": {
            "version": "2.11.8",
            "resolved": "https://registry.npmjs.org/@popperjs/core/-/core-2.11.8.tgz",
            "integrity": "sha512-P1st0aksCrn9sGZhp8GMYwBnQsbvAWsZAX44oXNNvLHGqAOcoVxmjZiohstwQ7SqKnbR47akdNi+uleWD8+g6A==",
            "license": "MIT",
            "funding": {
                "type": "opencollective",
                "url": "https://opencollective.com/popperjs"
            }
        },
        "node_modules/@types/jquery": {
            "version": "3.5.33",
            "resolved": "https://registry.npmjs.org/@types/jquery/-/jquery-3.5.33.tgz",
            "integrity": "sha512-SeyVJXlCZpEki5F0ghuYe+L+PprQta6nRZqhONt9F13dWBtR/ftoaIbdRQ7cis7womE+X2LKhsDdDtkkDhJS6g==",
            "license": "MIT",
            "dependencies": {
                "@types/sizzle": "*"
            }
        },
        "node_modules/@types/sizzle": {
            "version": "2.3.10",
            "resolved": "https://registry.npmjs.org/@types/sizzle/-/sizzle-2.3.10.tgz",
            "integrity": "sha512-TC0dmN0K8YcWEAEfiPi5gJP14eJe30TTGjkvek3iM/1NdHHsdCA/Td6GvNndMOo/iSnIsZ4HuuhrYPDAmbxzww==",
            "license": "MIT"
        },
        "node_modules/css-element-queries": {
            "version": "1.2.3",
            "resolved": "https://registry.npmjs.org/css-element-queries/-/css-element-queries-1.2.3.tgz",
            "integrity": "sha512-QK9uovYmKTsV2GXWQiMOByVNrLn2qz6m3P7vWpOR4IdD6I3iXoDw5qtgJEN3Xq7gIbdHVKvzHjdAtcl+4Arc4Q==",
            "license": "MIT"
        },
        "node_modules/datatables.net": {
            "version": "2.3.4",
            "resolved": "https://registry.npmjs.org/datatables.net/-/datatables.net-2.3.4.tgz",
            "integrity": "sha512-fKuRlrBIdpAl2uIFgl9enKecHB41QmFd/2nN9LBbOvItV/JalAxLcyqdZXex7wX4ZXjnJQEnv6xeS9veOpKzSw==",
            "license": "MIT",
            "dependencies": {
                "jquery": ">=1.7"
            }
        },
        "node_modules/datatables.net-dt": {
            "version": "2.3.4",
            "resolved": "https://registry.npmjs.org/datatables.net-dt/-/datatables.net-dt-2.3.4.tgz",
            "integrity": "sha512-qOCnnUuFTiju4AOMM4xy4Lx87UfyHdIHIMYdbBXD4pAtvoWTH9wMzVTN/2gFNT4GlbrLkmGf5ZkU6uLRTTymMA==",
            "license": "MIT",
            "dependencies": {
                "datatables.net": "2.3.4",
                "jquery": ">=1.7"
            }
        },
        "node_modules/datatables.net-plugins": {
            "version": "2.3.2",
            "resolved": "https://registry.npmjs.org/datatables.net-plugins/-/datatables.net-plugins-2.3.2.tgz",
            "integrity": "sha512-9wY1vhMHqazE4SyeYXO22NJjgf0WBzDhG2XbIY7PynafKBR/+aPqC0gWh9/lRF1eyzYnmKHniW4kBx11YpazoQ==",
            "license": "MIT",
            "dependencies": {
                "@types/jquery": "^3.5.16",
                "datatables.net": "^2.0.8"
            }
        },
        "node_modules/datatables.net-responsive": {
            "version": "3.0.7",
            "resolved": "https://registry.npmjs.org/datatables.net-responsive/-/datatables.net-responsive-3.0.7.tgz",
            "integrity": "sha512-MngWU41M1LDDMjKFJ3rAHc4Zb3QhOysDTh+TfKE1ycrh5dpnKa1vobw2MKMMbvbx4q05OXZY9jtLSPIkaJRsuw==",
            "license": "MIT",
            "dependencies": {
                "datatables.net": "^2",
                "jquery": ">=1.7"
            }
        },
        "node_modules/datatables.net-responsive-dt": {
            "version": "3.0.7",
            "resolved": "https://registry.npmjs.org/datatables.net-responsive-dt/-/datatables.net-responsive-dt-3.0.7.tgz",
            "integrity": "sha512-YTIVl4F6z+Rgk3v6z3oQWYc61Psu5dskIQTByUUEOK6Glqm7ybOq9vSfr+7xd7BjgUyduDC+9qRRpKPiQn6uXQ==",
            "license": "MIT",
            "dependencies": {
                "datatables.net-dt": "^2",
                "datatables.net-responsive": "3.0.7",
                "jquery": ">=1.7"
            }
        },
        "node_modules/handlebars": {
            "version": "4.7.8",
            "resolved": "https://registry.npmjs.org/handlebars/-/handlebars-4.7.8.tgz",
            "integrity": "sha512-vafaFqs8MZkRrSX7sFVUdo3ap/eNiLnb4IakshzvP56X5Nr1iGKAIqdX6tMlm6HcNRIkr6AxO5jFEoJzzpT8aQ==",
            "license": "MIT",
            "dependencies": {
                "minimist": "^1.2.5",
                "neo-async": "^2.6.2",
                "source-map": "^0.6.1",
                "wordwrap": "^1.0.0"
            },
            "bin": {
                "handlebars": "bin/handlebars"
            },
            "engines": {
                "node": ">=0.4.7"
            },
            "optionalDependencies": {
                "uglify-js": "^3.1.4"
            }
        },
        "node_modules/jquery": {
            "version": "3.7.1",
            "resolved": "https://registry.npmjs.org/jquery/-/jquery-3.7.1.tgz",
            "integrity": "sha512-m4avr8yL8kmFN8psrbFFFmB/If14iN5o9nw/NgnnM+kybDJpRsAynV2BsfpTYrTRysYUdADVD7CkUUizgkpLfg==",
            "license": "MIT"
        },
        "node_modules/lodash": {
            "version": "4.17.23",
            "resolved": "https://registry.npmjs.org/lodash/-/lodash-4.17.23.tgz",
            "integrity": "sha512-LgVTMpQtIopCi79SJeDiP0TfWi5CNEc/L/aRdTh3yIvmZXTnheWpKjSZhnvMl8iXbC1tFg9gdHHDMLoV7CnG+w==",
            "license": "MIT"
        },
        "node_modules/minimist": {
            "version": "1.2.8",
            "resolved": "https://registry.npmjs.org/minimist/-/minimist-1.2.8.tgz",
            "integrity": "sha512-2yyAR8qBkN3YuheJanUpWC5U3bb5osDywNB8RzDVlDwDHbocAJveqqj1u8+SVD7jkWT4yvsHCpWqqWqAxb0zCA==",
            "license": "MIT",
            "funding": {
                "url": "https://github.com/sponsors/ljharb"
            }
        },
        "node_modules/moment": {
            "version": "2.30.1",
            "resolved": "https://registry.npmjs.org/moment/-/moment-2.30.1.tgz",
            "integrity": "sha512-uEmtNhbDOrWPFS+hdjFCBfy9f2YoyzRpwcl+DqpC6taX21FzsTLQVbMV/W7PzNSX6x/bhC1zA3c2UQ5NzH6how==",
            "license": "MIT",
            "engines": {
                "node": "*"
            }
        },
        "node_modules/moment-timezone": {
            "version": "0.5.48",
            "resolved": "https://registry.npmjs.org/moment-timezone/-/moment-timezone-0.5.48.tgz",
            "integrity": "sha512-f22b8LV1gbTO2ms2j2z13MuPogNoh5UzxL3nzNAYKGraILnbGc9NEE6dyiiiLv46DGRb8A4kg8UKWLjPthxBHw==",
            "license": "MIT",
            "dependencies": {
                "moment": "^2.29.4"
            },
            "engines": {
                "node": "*"
            }
        },
        "node_modules/neo-async": {
            "version": "2.6.2",
            "resolved": "https://registry.npmjs.org/neo-async/-/neo-async-2.6.2.tgz",
            "integrity": "sha512-Yd3UES5mWCSqR+qNT93S3UoYUkqAZ9lLg8a7g9rimsWmYGK8cVToA4/sF3RrshdyV3sAGMXVUmpMYOw+dLpOuw==",
            "license": "MIT"
        },
        "node_modules/rundiz-template-for-admin": {
            "version": "2.4.9",
            "resolved": "https://registry.npmjs.org/rundiz-template-for-admin/-/rundiz-template-for-admin-2.4.9.tgz",
            "integrity": "sha512-rlTxeewgdCyagScv8/LFqg4TZ8hSvAoRt7ColPB4XY2I/oUSIIHb9oNjDDkYhtoj0WXvaUNMj0fOGMfGg2H+vA==",
            "license": "MIT",
            "dependencies": {
                "@fortawesome/fontawesome-free": "^6.0.0",
                "@popperjs/core": "^2.11.2",
                "sanitize.css": "github:csstools/sanitize.css#main",
                "smartmenus": "^1.1.1",
                "sticky-sidebar": "^3.3.1",
                "tippy.js": "^6.3.7"
            }
        },
        "node_modules/sanitize.css": {
            "version": "13.0.0",
            "resolved": "git+ssh://git@github.com/csstools/sanitize.css.git#61c85b6961f684d0124093d97475073bb08f557e",
            "license": "CC0-1.0"
        },
        "node_modules/smartmenus": {
            "version": "1.2.1",
            "resolved": "https://registry.npmjs.org/smartmenus/-/smartmenus-1.2.1.tgz",
            "integrity": "sha512-W5UoxfywB2o9fsk6RglDoSIJoCtBPnajJCiip9JBfRX46ZV+LkTtysiChiVJNEm8QZOPb9MPC1wXrrCTzGIaAw==",
            "peerDependencies": {
                "jquery": ">=1.7.0"
            }
        },
        "node_modules/sortablejs": {
            "version": "1.15.6",
            "resolved": "https://registry.npmjs.org/sortablejs/-/sortablejs-1.15.6.tgz",
            "integrity": "sha512-aNfiuwMEpfBM/CN6LY0ibyhxPfPbyFeBTYJKCvzkJ2GkUpazIt3H+QIPAMHwqQ7tMKaHz1Qj+rJJCqljnf4p3A==",
            "license": "MIT"
        },
        "node_modules/source-map": {
            "version": "0.6.1",
            "resolved": "https://registry.npmjs.org/source-map/-/source-map-0.6.1.tgz",
            "integrity": "sha512-UjgapumWlbMhkBgzT7Ykc5YXUT46F0iKu8SGXq0bcwP5dz/h0Plj6enJqjz1Zbq2l5WaqYnrVbwWOWMyF3F47g==",
            "license": "BSD-3-Clause",
            "engines": {
                "node": ">=0.10.0"
            }
        },
        "node_modules/sticky-sidebar": {
            "version": "3.3.1",
            "resolved": "https://registry.npmjs.org/sticky-sidebar/-/sticky-sidebar-3.3.1.tgz",
            "integrity": "sha512-9ljX5GP9B1sov0kzGmQeQL5CdearSGH5y9cy3wE3wiGiLtgo577EekE8tNgnqr5ys/d++2+MlCCf4ICbNoaJ3A==",
            "license": "The MIT License (MIT)"
        },
        "node_modules/tippy.js": {
            "version": "6.3.7",
            "resolved": "https://registry.npmjs.org/tippy.js/-/tippy.js-6.3.7.tgz",
            "integrity": "sha512-E1d3oP2emgJ9dRQZdf3Kkn0qJgI6ZLpyS5z6ZkY1DF3kaQaBsGZsndEpHwx+eC+tYM41HaSNvNtLx8tU57FzTQ==",
            "license": "MIT",
            "dependencies": {
                "@popperjs/core": "^2.9.0"
            }
        },
        "node_modules/uglify-js": {
            "version": "3.19.3",
            "resolved": "https://registry.npmjs.org/uglify-js/-/uglify-js-3.19.3.tgz",
            "integrity": "sha512-v3Xu+yuwBXisp6QYTcH4UbH+xYJXqnq2m/LtQVWKWzYc1iehYnLixoQDN9FH6/j9/oybfd6W9Ghwkl8+UMKTKQ==",
            "license": "BSD-2-Clause",
            "optional": true,
            "bin": {
                "uglifyjs": "bin/uglifyjs"
            },
            "engines": {
                "node": ">=0.8.0"
            }
        },
        "node_modules/wordwrap": {
            "version": "1.0.0",
            "resolved": "https://registry.npmjs.org/wordwrap/-/wordwrap-1.0.0.tgz",
            "integrity": "sha512-gvVzJFlPycKc5dZN4yPkP8w7Dc37BtP1yczEneOb4uq34pXZcvrtRTmWV8W+Ume+XCxKgbjM+nevkyFPMybd4Q==",
            "license": "MIT"
        }
    }
}
